// !$*UTF8*$!
{
	archiveVersion = 1;
	classes = {
	};
	objectVersion = 55;
	objects = {

/* Begin PBXBuildFile section */
		68C4CCB527BCE1B000373C0E /* AppDelegate.swift in Sources */ = {isa = PBXBuildFile; fileRef = 68C4CCB427BCE1B000373C0E /* AppDelegate.swift */; };
		68C4CCB727BCE1B000373C0E /* SceneDelegate.swift in Sources */ = {isa = PBXBuildFile; fileRef = 68C4CCB627BCE1B000373C0E /* SceneDelegate.swift */; };
		68C4CCB927BCE1B000373C0E /* ViewController.swift in Sources */ = {isa = PBXBuildFile; fileRef = 68C4CCB827BCE1B000373C0E /* ViewController.swift */; };
		68C4CCBC27BCE1B000373C0E /* Main.storyboard in Resources */ = {isa = PBXBuildFile; fileRef = 68C4CCBA27BCE1B000373C0E /* Main.storyboard */; };
		68C4CCBE27BCE1B200373C0E /* Assets.xcassets in Resources */ = {isa = PBXBuildFile; fileRef = 68C4CCBD27BCE1B200373C0E /* Assets.xcassets */; };
		68C4CCC127BCE1B200373C0E /* LaunchScreen.storyboard in Resources */ = {isa = PBXBuildFile; fileRef = 68C4CCBF27BCE1B200373C0E /* LaunchScreen.storyboard */; };
		68C4CCCC27BCE1B200373C0E /* Hello_WorldTests.swift in Sources */ = {isa = PBXBuildFile; fileRef = 68C4CCCB27BCE1B200373C0E /* Hello_WorldTests.swift */; };
		68C4CCD627BCE1B200373C0E /* Hello_WorldUITests.swift in Sources */ = {isa = PBXBuildFile; fileRef = 68C4CCD527BCE1B200373C0E /* Hello_WorldUITests.swift */; };
		68C4CCD827BCE1B200373C0E /* Hello_WorldUITestsLaunchTests.swift in Sources */ = {isa = PBXBuildFile; fileRef = 68C4CCD727BCE1B200373C0E /* Hello_WorldUITestsLaunchTests.swift */; };
/* End PBXBuildFile section */

/* Begin PBXContainerItemProxy section */
		68C4CCC827BCE1B200373C0E /* PBXContainerItemProxy */ = {
			isa = PBXContainerItemProxy;
			containerPortal = 68C4CCA927BCE1B000373C0E /* Project object */;
			proxyType = 1;
			remoteGlobalIDString = 68C4CCB027BCE1B000373C0E;
			remoteInfo = "Hello World";
		};
		68C4CCD227BCE1B200373C0E /* PBXContainerItemProxy */ = {
			isa = PBXContainerItemProxy;
			containerPortal = 68C4CCA927BCE1B000373C0E /* Project object */;
			proxyType = 1;
			remoteGlobalIDString = 68C4CCB027BCE1B000373C0E;
			remoteInfo = "Hello World";
		};
/* End PBXContainerItemProxy section */

/* Begin PBXFileReference section */
		68C4CCB127BCE1B000373C0E /* Hello World.app */ = {isa = PBXFileReference; explicitFileType = wrapper.application; includeInIndex = 0; path = "Hello World.app"; sourceTree = BUILT_PRODUCTS_DIR; };
		68C4CCB427BCE1B000373C0E /* AppDelegate.swift */ = {isa = PBXFileReference; lastKnownFileType = sourcecode.swift; path = AppDelegate.swift; sourceTree = "<group>"; };
		68C4CCB627BCE1B000373C0E /* SceneDelegate.swift */ = {isa = PBXFileReference; lastKnownFileType = sourcecode.swift; path = SceneDelegate.swift; sourceTree = "<group>"; };
		68C4CCB827BCE1B000373C0E /* ViewController.swift */ = {isa = PBXFileReference; lastKnownFileType = sourcecode.swift; path = ViewController.swift; sourceTree = "<group>"; };
		68C4CCBB27BCE1B000373C0E /* Base */ = {isa = PBXFileReference; lastKnownFileType = file.storyboard; name = Base; path = Base.lproj/Main.storyboard; sourceTree = "<group>"; };
		68C4CCBD27BCE1B200373C0E /* Assets.xcassets */ = {isa = PBXFileReference; lastKnownFileType = folder.assetcatalog; path = Assets.xcassets; sourceTree = "<group>"; };
		68C4CCC027BCE1B200373C0E /* Base */ = {isa = PBXFileReference; lastKnownFileType = file.storyboard; name = Base; path = Base.lproj/LaunchScreen.storyboard; sourceTree = "<group>"; };
		68C4CCC227BCE1B200373C0E /* Info.plist */ = {isa = PBXFileReference; lastKnownFileType = text.plist.xml; path = Info.plist; sourceTree = "<group>"; };
		68C4CCC727BCE1B200373C0E /* Hello WorldTests.xctest */ = {isa = PBXFileReference; explicitFileType = wrapper.cfbundle; includeInIndex = 0; path = "Hello WorldTests.xctest"; sourceTree = BUILT_PRODUCTS_DIR; };
		68C4CCCB27BCE1B200373C0E /* Hello_WorldTests.swift */ = {isa = PBXFileReference; lastKnownFileType = sourcecode.swift; path = Hello_WorldTests.swift; sourceTree = "<group>"; };
		68C4CCD127BCE1B200373C0E /* Hello WorldUITests.xctest */ = {isa = PBXFileReference; explicitFileType = wrapper.cfbundle; includeInIndex = 0; path = "Hello WorldUITests.xctest"; sourceTree = BUILT_PRODUCTS_DIR; };
		68C4CCD527BCE1B200373C0E /* Hello_WorldUITests.swift */ = {isa = PBXFileReference; lastKnownFileType = sourcecode.swift; path = Hello_WorldUITests.swift; sourceTree = "<group>"; };
		68C4CCD727BCE1B200373C0E /* Hello_WorldUITestsLaunchTests.swift */ = {isa = PBXFileReference; lastKnownFileType = sourcecode.swift; path = Hello_WorldUITestsLaunchTests.swift; sourceTree = "<group>"; };
/* End PBXFileReference section */

/* Begin PBXFrameworksBuildPhase section */
		68C4CCAE27BCE1B000373C0E /* Frameworks */ = {
			isa = PBXFrameworksBuildPhase;
			buildActionMask = 2147483647;
			files = (
			);
			runOnlyForDeploymentPostprocessing = 0;
		};
		68C4CCC427BCE1B200373C0E /* Frameworks */ = {
			isa = PBXFrameworksBuildPhase;
			buildActionMask = 2147483647;
			files = (
			);
			runOnlyForDeploymentPostprocessing = 0;
		};
		68C4CCCE27BCE1B200373C0E /* Frameworks */ = {
			isa = PBXFrameworksBuildPhase;
			buildActionMask = 2147483647;
			files = (
			);
			runOnlyForDeploymentPostprocessing = 0;
		};
/* End PBXFrameworksBuildPhase section */

/* Begin PBXGroup section */
		68C4CCA827BCE1B000373C0E = {
			isa = PBXGroup;
			children = (
				68C4CCB327BCE1B000373C0E /* Hello World */,
				68C4CCCA27BCE1B200373C0E /* Hello WorldTests */,
				68C4CCD427BCE1B200373C0E /* Hello WorldUITests */,
				68C4CCB227BCE1B000373C0E /* Products */,
			);
			sourceTree = "<group>";
		};
		68C4CCB227BCE1B000373C0E /* Products */ = {
			isa = PBXGroup;
			children = (
				68C4CCB127BCE1B000373C0E /* Hello World.app */,
				68C4CCC727BCE1B200373C0E /* Hello WorldTests.xctest */,
				68C4CCD127BCE1B200373C0E /* Hello WorldUITests.xctest */,
			);
			name = Products;
			sourceTree = "<group>";
		};
		68C4CCB327BCE1B000373C0E /* Hello World */ = {
			isa = PBXGroup;
			children = (
				68C4CCB427BCE1B000373C0E /* AppDelegate.swift */,
				68C4CCB627BCE1B000373C0E /* SceneDelegate.swift */,
				68C4CCB827BCE1B000373C0E /* ViewController.swift */,
				68C4CCBA27BCE1B000373C0E /* Main.storyboard */,
				68C4CCBD27BCE1B200373C0E /* Assets.xcassets */,
				68C4CCBF27BCE1B200373C0E /* LaunchScreen.storyboard */,
				68C4CCC227BCE1B200373C0E /* Info.plist */,
			);
			path = "Hello World";
			sourceTree = "<group>";
		};
		68C4CCCA27BCE1B200373C0E /* Hello WorldTests */ = {
			isa = PBXGroup;
			children = (
				68C4CCCB27BCE1B200373C0E /* Hello_WorldTests.swift */,
			);
			path = "Hello WorldTests";
			sourceTree = "<group>";
		};
		68C4CCD427BCE1B200373C0E /* Hello WorldUITests */ = {
			isa = PBXGroup;
			children = (
				68C4CCD527BCE1B200373C0E /* Hello_WorldUITests.swift */,
				68C4CCD727BCE1B200373C0E /* Hello_WorldUITestsLaunchTests.swift */,
			);
			path = "Hello WorldUITests";
			sourceTree = "<group>";
		};
/* End PBXGroup section */

/* Begin PBXNativeTarget section */
		68C4CCB027BCE1B000373C0E /* Hello World */ = {
			isa = PBXNativeTarget;
			buildConfigurationList = 68C4CCDB27BCE1B200373C0E /* Build configuration list for PBXNativeTarget "Hello World" */;
			buildPhases = (
				68C4CCAD27BCE1B000373C0E /* Sources */,
				68C4CCAE27BCE1B000373C0E /* Frameworks */,
				68C4CCAF27BCE1B000373C0E /* Resources */,
			);
			buildRules = (
			);
			dependencies = (
			);
			name = "Hello World";
			productName = "Hello World";
			productReference = 68C4CCB127BCE1B000373C0E /* Hello World.app */;
			productType = "com.apple.product-type.application";
		};
		68C4CCC627BCE1B200373C0E /* Hello WorldTests */ = {
			isa = PBXNativeTarget;
			buildConfigurationList = 68C4CCDE27BCE1B200373C0E /* Build configuration list for PBXNativeTarget "Hello WorldTests" */;
			buildPhases = (
				68C4CCC327BCE1B200373C0E /* Sources */,
				68C4CCC427BCE1B200373C0E /* Frameworks */,
				68C4CCC527BCE1B200373C0E /* Resources */,
			);
			buildRules = (
			);
			dependencies = (
				68C4CCC927BCE1B200373C0E /* PBXTargetDependency */,
			);
			name = "Hello WorldTests";
			productName = "Hello WorldTests";
			productReference = 68C4CCC727BCE1B200373C0E /* Hello WorldTests.xctest */;
			productType = "com.apple.product-type.bundle.unit-test";
		};
		68C4CCD027BCE1B200373C0E /* Hello WorldUITests */ = {
			isa = PBXNativeTarget;
			buildConfigurationList = 68C4CCE127BCE1B200373C0E /* Build configuration list for PBXNativeTarget "Hello WorldUITests" */;
			buildPhases = (
				68C4CCCD27BCE1B200373C0E /* Sources */,
				68C4CCCE27BCE1B200373C0E /* Frameworks */,
				68C4CCCF27BCE1B200373C0E /* Resources */,
			);
			buildRules = (
			);
			dependencies = (
				68C4CCD327BCE1B200373C0E /* PBXTargetDependency */,
			);
			name = "Hello WorldUITests";
			productName = "Hello WorldUITests";
			productReference = 68C4CCD127BCE1B200373C0E /* Hello WorldUITests.xctest */;
			productType = "com.apple.product-type.bundle.ui-testing";
		};
/* End PBXNativeTarget section */

/* Begin PBXProject section */
		68C4CCA927BCE1B000373C0E /* Project object */ = {
			isa = PBXProject;
			attributes = {
				BuildIndependentTargetsInParallel = 1;
				LastSwiftUpdateCheck = 1320;
				LastUpgradeCheck = 1320;
				TargetAttributes = {
					68C4CCB027BCE1B000373C0E = {
						CreatedOnToolsVersion = 13.2.1;
					};
					68C4CCC627BCE1B200373C0E = {
						CreatedOnToolsVersion = 13.2.1;
						TestTargetID = 68C4CCB027BCE1B000373C0E;
					};
					68C4CCD027BCE1B200373C0E = {
						CreatedOnToolsVersion = 13.2.1;
						TestTargetID = 68C4CCB027BCE1B000373C0E;
					};
				};
			};
			buildConfigurationList = 68C4CCAC27BCE1B000373C0E /* Build configuration list for PBXProject "Hello World" */;
			compatibilityVersion = "Xcode 13.0";
			developmentRegion = en;
			hasScannedForEncodings = 0;
			knownRegions = (
				en,
				Base,
			);
			mainGroup = 68C4CCA827BCE1B000373C0E;
			productRefGroup = 68C4CCB227BCE1B000373C0E /* Products */;
			projectDirPath = "";
			projectRoot = "";
			targets = (
				68C4CCB027BCE1B000373C0E /* Hello World */,
				68C4CCC627BCE1B200373C0E /* Hello WorldTests */,
				68C4CCD027BCE1B200373C0E /* Hello WorldUITests */,
			);
		};
/* End PBXProject section */

/* Begin PBXResourcesBuildPhase section */
		68C4CCAF27BCE1B000373C0E /* Resources */ = {
			isa = PBXResourcesBuildPhase;
			buildActionMask = 2147483647;
			files = (
				68C4CCC127BCE1B200373C0E /* LaunchScreen.storyboard in Resources */,
				68C4CCBE27BCE1B200373C0E /* Assets.xcassets in Resources */,
				68C4CCBC27BCE1B000373C0E /* Main.storyboard in Resources */,
			);
			runOnlyForDeploymentPostprocessing = 0;
		};
		68C4CCC527BCE1B200373C0E /* Resources */ = {
			isa = PBXResourcesBuildPhase;
			buildActionMask = 2147483647;
			files = (
			);
			runOnlyForDeploymentPostprocessing = 0;
		};
		68C4CCCF27BCE1B200373C0E /* Resources */ = {
			isa = PBXResourcesBuildPhase;
			buildActionMask = 2147483647;
			files = (
			);
			runOnlyForDeploymentPostprocessing = 0;
		};
/* End PBXResourcesBuildPhase section */

/* Begin PBXSourcesBuildPhase section */
		68C4CCAD27BCE1B000373C0E /* Sources */ = {
			isa = PBXSourcesBuildPhase;
			buildActionMask = 2147483647;
			files = (
				68C4CCB927BCE1B000373C0E /* ViewController.swift in Sources */,
				68C4CCB527BCE1B000373C0E /* AppDelegate.swift in Sources */,
				68C4CCB727BCE1B000373C0E /* SceneDelegate.swift in Sources */,
			);
			runOnlyForDeploymentPostprocessing = 0;
		};
		68C4CCC327BCE1B200373C0E /* Sources */ = {
			isa = PBXSourcesBuildPhase;
			buildActionMask = 2147483647;
			files = (
				68C4CCCC27BCE1B200373C0E /* Hello_WorldTests.swift in Sources */,
			);
			runOnlyForDeploymentPostprocessing = 0;
		};
		68C4CCCD27BCE1B200373C0E /* Sources */ = {
			isa = PBXSourcesBuildPhase;
			buildActionMask = 2147483647;
			files = (
				68C4CCD827BCE1B200373C0E /* Hello_WorldUITestsLaunchTests.swift in Sources */,
				68C4CCD627BCE1B200373C0E /* Hello_WorldUITests.swift in Sources */,
			);
			runOnlyForDeploymentPostprocessing = 0;
		};
/* End PBXSourcesBuildPhase section */

/* Begin PBXTargetDependency section */
		68C4CCC927BCE1B200373C0E /* PBXTargetDependency */ = {
			isa = PBXTargetDependency;
			target = 68C4CCB027BCE1B000373C0E /* Hello World */;
			targetProxy = 68C4CCC827BCE1B200373C0E /* PBXContainerItemProxy */;
		};
		68C4CCD327BCE1B200373C0E /* PBXTargetDependency */ = {
			isa = PBXTargetDependency;
			target = 68C4CCB027BCE1B000373C0E /* Hello World */;
			targetProxy = 68C4CCD227BCE1B200373C0E /* PBXContainerItemProxy */;
		};
/* End PBXTargetDependency section */

/* Begin PBXVariantGroup section */
		68C4CCBA27BCE1B000373C0E /* Main.storyboard */ = {
			isa = PBXVariantGroup;
			children = (
				68C4CCBB27BCE1B000373C0E /* Base */,
			);
			name = Main.storyboard;
			sourceTree = "<group>";
		};
		68C4CCBF27BCE1B200373C0E /* LaunchScreen.storyboard */ = {
			isa = PBXVariantGroup;
			children = (
				68C4CCC027BCE1B200373C0E /* Base */,
			);
			name = LaunchScreen.storyboard;
			sourceTree = "<group>";
		};
/* End PBXVariantGroup section */

/* Begin XCBuildConfiguration section */
		68C4CCD927BCE1B200373C0E /* Debug */ = {
			isa = XCBuildConfiguration;
			buildSettings = {
				ALWAYS_SEARCH_USER_PATHS = NO;
				CLANG_ANALYZER_NONNULL = YES;
				CLANG_ANALYZER_NUMBER_OBJECT_CONVERSION = YES_AGGRESSIVE;
				CLANG_CXX_LANGUAGE_STANDARD = "gnu++17";
				CLANG_CXX_LIBRARY = "libc++";
				CLANG_ENABLE_MODULES = YES;
				CLANG_ENABLE_OBJC_ARC = YES;
				CLANG_ENABLE_OBJC_WEAK = YES;
				CLANG_WARN_BLOCK_CAPTURE_AUTORELEASING = YES;
				CLANG_WARN_BOOL_CONVERSION = YES;
				CLANG_WARN_COMMA = YES;
				CLANG_WARN_CONSTANT_CONVERSION = YES;
				CLANG_WARN_DEPRECATED_OBJC_IMPLEMENTATIONS = YES;
				CLANG_WARN_DIRECT_OBJC_ISA_USAGE = YES_ERROR;
				CLANG_WARN_DOCUMENTATION_COMMENTS = YES;
				CLANG_WARN_EMPTY_BODY = YES;
				CLANG_WARN_ENUM_CONVERSION = YES;
				CLANG_WARN_INFINITE_RECURSION = YES;
				CLANG_WARN_INT_CONVERSION = YES;
				CLANG_WARN_NON_LITERAL_NULL_CONVERSION = YES;
				CLANG_WARN_OBJC_IMPLICIT_RETAIN_SELF = YES;
				CLANG_WARN_OBJC_LITERAL_CONVERSION = YES;
				CLANG_WARN_OBJC_ROOT_CLASS = YES_ERROR;
				CLANG_WARN_QUOTED_INCLUDE_IN_FRAMEWORK_HEADER = YES;
				CLANG_WARN_RANGE_LOOP_ANALYSIS = YES;
				CLANG_WARN_STRICT_PROTOTYPES = YES;
				CLANG_WARN_SUSPICIOUS_MOVE = YES;
				CLANG_WARN_UNGUARDED_AVAILABILITY = YES_AGGRESSIVE;
				CLANG_WARN_UNREACHABLE_CODE = YES;
				CLANG_WARN__DUPLICATE_METHOD_MATCH = YES;
				COPY_PHASE_STRIP = NO;
				DEBUG_INFORMATION_FORMAT = dwarf;
				ENABLE_STRICT_OBJC_MSGSEND = YES;
				ENABLE_TESTABILITY = YES;
				GCC_C_LANGUAGE_STANDARD = gnu11;
				GCC_DYNAMIC_NO_PIC = NO;
				GCC_NO_COMMON_BLOCKS = YES;
				GCC_OPTIMIZATION_LEVEL = 0;
				GCC_PREPROCESSOR_DEFINITIONS = (
					"DEBUG=1",
					"$(inherited)",
				);
				GCC_WARN_64_TO_32_BIT_CONVERSION = YES;
				GCC_WARN_ABOUT_RETURN_TYPE = YES_ERROR;
				GCC_WARN_UNDECLARED_SELECTOR = YES;
				GCC_WARN_UNINITIALIZED_AUTOS = YES_AGGRESSIVE;
				GCC_WARN_UNUSED_FUNCTION = YES;
				GCC_WARN_UNUSED_VARIABLE = YES;
				IPHONEOS_DEPLOYMENT_TARGET = 15.2;
				MTL_ENABLE_DEBUG_INFO = INCLUDE_SOURCE;
				MTL_FAST_MATH = YES;
				ONLY_ACTIVE_ARCH = YES;
				SDKROOT = iphoneos;
				SWIFT_ACTIVE_COMPILATION_CONDITIONS = DEBUG;
				SWIFT_OPTIMIZATION_LEVEL = "-Onone";
			};
			name = Debug;
		};
		68C4CCDA27BCE1B200373C0E /* Release */ = {
			isa = XCBuildConfiguration;
			buildSettings = {
				ALWAYS_SEARCH_USER_PATHS = NO;
				CLANG_ANALYZER_NONNULL = YES;
				CLANG_ANALYZER_NUMBER_OBJECT_CONVERSION = YES_AGGRESSIVE;
				CLANG_CXX_LANGUAGE_STANDARD = "gnu++17";
				CLANG_CXX_LIBRARY = "libc++";
				CLANG_ENABLE_MODULES = YES;
				CLANG_ENABLE_OBJC_ARC = YES;
				CLANG_ENABLE_OBJC_WEAK = YES;
				CLANG_WARN_BLOCK_CAPTURE_AUTORELEASING = YES;
				CLANG_WARN_BOOL_CONVERSION = YES;
				CLANG_WARN_COMMA = YES;
				CLANG_WARN_CONSTANT_CONVERSION = YES;
				CLANG_WARN_DEPRECATED_OBJC_IMPLEMENTATIONS = YES;
				CLANG_WARN_DIRECT_OBJC_ISA_USAGE = YES_ERROR;
				CLANG_WARN_DOCUMENTATION_COMMENTS = YES;
				CLANG_WARN_EMPTY_BODY = YES;
				CLANG_WARN_ENUM_CONVERSION = YES;
				CLANG_WARN_INFINITE_RECURSION = YES;
				CLANG_WARN_INT_CONVERSION = YES;
				CLANG_WARN_NON_LITERAL_NULL_CONVERSION = YES;
				CLANG_WARN_OBJC_IMPLICIT_RETAIN_SELF = YES;
				CLANG_WARN_OBJC_LITERAL_CONVERSION = YES;
				CLANG_WARN_OBJC_ROOT_CLASS = YES_ERROR;
				CLANG_WARN_QUOTED_INCLUDE_IN_FRAMEWORK_HEADER = YES;
				CLANG_WARN_RANGE_LOOP_ANALYSIS = YES;
				CLANG_WARN_STRICT_PROTOTYPES = YES;
				CLANG_WARN_SUSPICIOUS_MOVE = YES;
				CLANG_WARN_UNGUARDED_AVAILABILITY = YES_AGGRESSIVE;
				CLANG_WARN_UNREACHABLE_CODE = YES;
				CLANG_WARN__DUPLICATE_METHOD_MATCH = YES;
				COPY_PHASE_STRIP = NO;
				DEBUG_INFORMATION_FORMAT = "dwarf-with-dsym";
				ENABLE_NS_ASSERTIONS = NO;
				ENABLE_STRICT_OBJC_MSGSEND = YES;
				GCC_C_LANGUAGE_STANDARD = gnu11;
				GCC_NO_COMMON_BLOCKS = YES;
				GCC_WARN_64_TO_32_BIT_CONVERSION = YES;
				GCC_WARN_ABOUT_RETURN_TYPE = YES_ERROR;
				GCC_WARN_UNDECLARED_SELECTOR = YES;
				GCC_WARN_UNINITIALIZED_AUTOS = YES_AGGRESSIVE;
				GCC_WARN_UNUSED_FUNCTION = YES;
				GCC_WARN_UNUSED_VARIABLE = YES;
				IPHONEOS_DEPLOYMENT_TARGET = 15.2;
				MTL_ENABLE_DEBUG_INFO = NO;
				MTL_FAST_MATH = YES;
				SDKROOT = iphoneos;
				SWIFT_COMPILATION_MODE = wholemodule;
				SWIFT_OPTIMIZATION_LEVEL = "-O";
				VALIDATE_PRODUCT = YES;
			};
			name = Release;
		};
		68C4CCDC27BCE1B200373C0E /* Debug */ = {
			isa = XCBuildConfiguration;
			buildSettings = {
				ASSETCATALOG_COMPILER_APPICON_NAME = AppIcon;
				ASSETCATALOG_COMPILER_GLOBAL_ACCENT_COLOR_NAME = AccentColor;
				CODE_SIGN_STYLE = Automatic;
				CURRENT_PROJECT_VERSION = 1;
				GENERATE_INFOPLIST_FILE = YES;
				INFOPLIST_FILE = "Hello World/Info.plist";
				INFOPLIST_KEY_UIApplicationSupportsIndirectInputEvents = YES;
				INFOPLIST_KEY_UILaunchStoryboardName = LaunchScreen;
				INFOPLIST_KEY_UIMainStoryboardFile = Main;
				INFOPLIST_KEY_UISupportedInterfaceOrientations_iPad = "UIInterfaceOrientationPortrait UIInterfaceOrientationPortraitUpsideDown UIInterfaceOrientationLandscapeLeft UIInterfaceOrientationLandscapeRight";
				INFOPLIST_KEY_UISupportedInterfaceOrientations_iPhone = "UIInterfaceOrientationPortrait UIInterfaceOrientationLandscapeLeft UIInterfaceOrientationLandscapeRight";
				LD_RUNPATH_SEARCH_PATHS = (
					"$(inherited)",
					"@executable_path/Frameworks",
				);
				MARKETING_VERSION = 1.0;
				PRODUCT_BUNDLE_IDENTIFIER = "mac19.Hello-World";
				PRODUCT_NAME = "$(TARGET_NAME)";
				SWIFT_EMIT_LOC_STRINGS = YES;
				SWIFT_VERSION = 5.0;
				TARGETED_DEVICE_FAMILY = "1,2";
			};
			name = Debug;
		};
		68C4CCDD27BCE1B200373C0E /* Release */ = {
			isa = XCBuildConfiguration;
			buildSettings = {
				ASSETCATALOG_COMPILER_APPICON_NAME = AppIcon;
				ASSETCATALOG_COMPILER_GLOBAL_ACCENT_COLOR_NAME = AccentColor;
				CODE_SIGN_STYLE = Automatic;
				CURRENT_PROJECT_VERSION = 1;
				GENERATE_INFOPLIST_FILE = YES;
				INFOPLIST_FILE = "Hello World/Info.plist";
				INFOPLIST_KEY_UIApplicationSupportsIndirectInputEvents = YES;
				INFOPLIST_KEY_UILaunchStoryboardName = LaunchScreen;
				INFOPLIST_KEY_UIMainStoryboardFile = Main;
				INFOPLIST_KEY_UISupportedInterfaceOrientations_iPad = "UIInterfaceOrientationPortrait UIInterfaceOrientationPortraitUpsideDown UIInterfaceOrientationLandscapeLeft UIInterfaceOrientationLandscapeRight";
				INFOPLIST_KEY_UISupportedInterfaceOrientations_iPhone = "UIInterfaceOrientationPortrait UIInterfaceOrientationLandscapeLeft UIInterfaceOrientationLandscapeRight";
				LD_RUNPATH_SEARCH_PATHS = (
					"$(inherited)",
					"@executable_path/Frameworks",
				);
				MARKETING_VERSION = 1.0;
				PRODUCT_BUNDLE_IDENTIFIER = "mac19.Hello-World";
				PRODUCT_NAME = "$(TARGET_NAME)";
				SWIFT_EMIT_LOC_STRINGS = YES;
				SWIFT_VERSION = 5.0;
				TARGETED_DEVICE_FAMILY = "1,2";
			};
			name = Release;
		};
		68C4CCDF27BCE1B200373C0E /* Debug */ = {
			isa = XCBuildConfiguration;
			buildSettings = {
				ALWAYS_EMBED_SWIFT_STANDARD_LIBRARIES = YES;
				BUNDLE_LOADER = "$(TEST_HOST)";
				CODE_SIGN_STYLE = Automatic;
				CURRENT_PROJECT_VERSION = 1;
				GENERATE_INFOPLIST_FILE = YES;
				IPHONEOS_DEPLOYMENT_TARGET = 15.2;
				MARKETING_VERSION = 1.0;
				PRODUCT_BUNDLE_IDENTIFIER = "mac19.Hello-WorldTests";
				PRODUCT_NAME = "$(TARGET_NAME)";
				SWIFT_EMIT_LOC_STRINGS = NO;
				SWIFT_VERSION = 5.0;
				TARGETED_DEVICE_FAMILY = "1,2";
				TEST_HOST = "$(BUILT_PRODUCTS_DIR)/Hello World.app/Hello World";
			};
			name = Debug;
		};
		68C4CCE027BCE1B200373C0E /* Release */ = {
			isa = XCBuildConfiguration;
			buildSettings = {
				ALWAYS_EMBED_SWIFT_STANDARD_LIBRARIES = YES;
				BUNDLE_LOADER = "$(TEST_HOST)";
				CODE_SIGN_STYLE = Automatic;
				CURRENT_PROJECT_VERSION = 1;
				GENERATE_INFOPLIST_FILE = YES;
				IPHONEOS_DEPLOYMENT_TARGET = 15.2;
				MARKETING_VERSION = 1.0;
				PRODUCT_BUNDLE_IDENTIFIER = "mac19.Hello-WorldTests";
				PRODUCT_NAME = "$(TARGET_NAME)";
				SWIFT_EMIT_LOC_STRINGS = NO;
				SWIFT_VERSION = 5.0;
				TARGETED_DEVICE_FAMILY = "1,2";
				TEST_HOST = "$(BUILT_PRODUCTS_DIR)/Hello World.app/Hello World";
			};
			name = Release;
		};
		68C4CCE227BCE1B200373C0E /* Debug */ = {
			isa = XCBuildConfiguration;
			buildSettings = {
				ALWAYS_EMBED_SWIFT_STANDARD_LIBRARIES = YES;
				CODE_SIGN_STYLE = Automatic;
				CURRENT_PROJECT_VERSION = 1;
				GENERATE_INFOPLIST_FILE = YES;
				MARKETING_VERSION = 1.0;
				PRODUCT_BUNDLE_IDENTIFIER = "mac19.Hello-WorldUITests";
				PRODUCT_NAME = "$(TARGET_NAME)";
				SWIFT_EMIT_LOC_STRINGS = NO;
				SWIFT_VERSION = 5.0;
				TARGETED_DEVICE_FAMILY = "1,2";
				TEST_TARGET_NAME = "Hello World";
			};
			name = Debug;
		};
		68C4CCE327BCE1B200373C0E /* Release */ = {
			isa = XCBuildConfiguration;
			buildSettings = {
				ALWAYS_EMBED_SWIFT_STANDARD_LIBRARIES = YES;
				CODE_SIGN_STYLE = Automatic;
				CURRENT_PROJECT_VERSION = 1;
				GENERATE_INFOPLIST_FILE = YES;
				MARKETING_VERSION = 1.0;
				PRODUCT_BUNDLE_IDENTIFIER = "mac19.Hello-WorldUITests";
				PRODUCT_NAME = "$(TARGET_NAME)";
				SWIFT_EMIT_LOC_STRINGS = NO;
				SWIFT_VERSION = 5.0;
				TARGETED_DEVICE_FAMILY = "1,2";
				TEST_TARGET_NAME = "Hello World";
			};
			name = Release;
		};
/* End XCBuildConfiguration section */

/* Begin XCConfigurationList section */
		68C4CCAC27BCE1B000373C0E /* Build configuration list for PBXProject "Hello World" */ = {
			isa = XCConfigurationList;
			buildConfigurations = (
				68C4CCD927BCE1B200373C0E /* Debug */,
				68C4CCDA27BCE1B200373C0E /* Release */,
			);
			defaultConfigurationIsVisible = 0;
			defaultConfigurationName = Release;
		};
		68C4CCDB27BCE1B200373C0E /* Build configuration list for PBXNativeTarget "Hello World" */ = {
			isa = XCConfigurationList;
			buildConfigurations = (
				68C4CCDC27BCE1B200373C0E /* Debug */,
				68C4CCDD27BCE1B200373C0E /* Release */,
			);
			defaultConfigurationIsVisible = 0;
			defaultConfigurationName = Release;
		};
		68C4CCDE27BCE1B200373C0E /* Build configuration list for PBXNativeTarget "Hello WorldTests" */ = {
			isa = XCConfigurationList;
			buildConfigurations = (
				68C4CCDF27BCE1B200373C0E /* Debug */,
				68C4CCE027BCE1B200373C0E /* Release */,
			);
			defaultConfigurationIsVisible = 0;
			defaultConfigurationName = Release;
		};
		68C4CCE127BCE1B200373C0E /* Build configuration list for PBXNativeTarget "Hello WorldUITests" */ = {
			isa = XCConfigurationList;
			buildConfigurations = (
				68C4CCE227BCE1B200373C0E /* Debug */,
				68C4CCE327BCE1B200373C0E /* Release */,
			);
			defaultConfigurationIsVisible = 0;
			defaultConfigurationName = Release;
		};
/* End XCConfigurationList section */
	};
	rootObject = 68C4CCA927BCE1B000373C0E /* Project object */;
}
